<?xml version="1.0" encoding="utf-8"?>
<Project ToolsVersion="4.0" xmlns="http://schemas.microsoft.com/developer/msbuild/2003">
  <ItemGroup>
    <Filter Include="Source Files">
      <UniqueIdentifier>{4FC737F1-C7A5-4376-A066-2A32D752A2FF}</UniqueIdentifier>
      <Extensions>cpp;c;cc;cxx;c++;cppm;ixx;def;odl;idl;hpj;bat;asm;asmx</Extensions>
    </Filter>
    <Filter Include="Header Files">
      <UniqueIdentifier>{93995380-89BD-4b04-88EB-625FBE52EBFB}</UniqueIdentifier>
      <Extensions>h;hh;hpp;hxx;h++;hm;inl;inc;ipp;xsd</Extensions>
    </Filter>
    <Filter Include="Resource Files">
      <UniqueIdentifier>{67DA6AB6-F800-4c08-8B7A-83BB121AAD01}</UniqueIdentifier>
      <Extensions>rc;ico;cur;bmp;dlg;rc2;rct;bin;rgs;gif;jpg;jpeg;jpe;resx;tiff;tif;png;wav;mfcribbon-ms</Extensions>
    </Filter>
  </ItemGroup>
  <ItemGroup>
    <ClInclude Include="framework.h">
      <Filter>Header Files</Filter>
    </ClInclude>
    <ClInclude Include="pch.h">
      <Filter>Header Files</Filter>
    </ClInclude>
    <ClInclude Include="Exports\Exports.cpp">
      <Filter>Header Files</Filter>
    </ClInclude>
    <ClInclude Include="Exports\LibraryExports.h">
      <Filter>Header Files</Filter>
    </ClInclude>
    <ClInclude Include="defines.h">
      <Filter>Header Files</Filter>
    </ClInclude>
    <ClInclude Include="OE.h">
      <Filter>Header Files</Filter>
    </ClInclude>
    <ClInclude Include="CActionFighterManager.h">
      <Filter>Header Files</Filter>
    </ClInclude>
    <ClInclude Include="Exports\CActionFighterManagerExports.h">
      <Filter>Header Files</Filter>
    </ClInclude>
    <ClInclude Include="Objects\Struct\DisposeInfo.h">
      <Filter>Header Files</Filter>
    </ClInclude>
    <ClInclude Include="..\OE Library .NET\OE Library\RE\Struct\vec.h">
      <Filter>Header Files</Filter>
    </ClInclude>
    <ClInclude Include="Objects\Struct\vec.h">
      <Filter>Header Files</Filter>
    </ClInclude>
    <ClInclude Include="Objects\Class\EntityBase.h">
      <Filter>Header Files</Filter>
    </ClInclude>
    <ClInclude Include="Objects\Class\Entity.h">
      <Filter>Header Files</Filter>
    </ClInclude>
    <ClInclude Include="Objects\Class\Human.h">
      <Filter>Header Files</Filter>
    </ClInclude>
    <ClInclude Include="Objects\Class\Fighter.h">
      <Filter>Header Files</Filter>
    </ClInclude>
    <ClInclude Include="Objects\Class\MotionThingy.h">
      <Filter>Header Files</Filter>
    </ClInclude>
    <ClInclude Include="Exports\EntityExports.h">
      <Filter>Header Files</Filter>
    </ClInclude>
    <ClInclude Include="Exports\MotionExports.h">
      <Filter>Header Files</Filter>
    </ClInclude>
    <ClInclude Include="Exports\HumanExports.h">
      <Filter>Header Files</Filter>
    </ClInclude>
    <ClInclude Include="Objects\Class\UnknownMotionComponent.h">
      <Filter>Header Files</Filter>
    </ClInclude>
    <ClInclude Include="Exports\FighterExports.h">
      <Filter>Header Files</Filter>
    </ClInclude>
    <ClInclude Include="CActionManager.h">
      <Filter>Header Files</Filter>
    </ClInclude>
    <ClInclude Include="Exports\CActionManagerExports.h">
      <Filter>Header Files</Filter>
    </ClInclude>
    <ClInclude Include="Objects\Struct\matrix.h">
      <Filter>Header Files</Filter>
    </ClInclude>
    <ClInclude Include="Objects\Struct\pxd_hash.h">
      <Filter>Header Files</Filter>
    </ClInclude>
    <ClInclude Include="CActionEntityManager.h">
      <Filter>Header Files</Filter>
    </ClInclude>
    <ClInclude Include="Exports\CActionEntityManagerExports.h">
      <Filter>Header Files</Filter>
    </ClInclude>
    <ClInclude Include="CSequenceManager.h">
      <Filter>Header Files</Filter>
    </ClInclude>
    <ClInclude Include="PatternScan.h">
      <Filter>Header Files</Filter>
    </ClInclude>
    <ClInclude Include="Objects\Struct\MissionData.h">
      <Filter>Header Files</Filter>
    </ClInclude>
    <ClInclude Include="Exports\CSequenceManagerExports.h">
      <Filter>Header Files</Filter>
    </ClInclude>
    <ClInclude Include="Objects\Class\EntityMotion.h">
      <Filter>Header Files</Filter>
    </ClInclude>
    <ClInclude Include="Objects\Class\BoneMotion.h">
      <Filter>Header Files</Filter>
    </ClInclude>
    <ClInclude Include="Objects\Class\HumanMotion.h">
      <Filter>Header Files</Filter>
    </ClInclude>
    <ClInclude Include="Objects\Class\FighterMotion.h">
      <Filter>Header Files</Filter>
    </ClInclude>
    <ClInclude Include="Objects\Class\CCameraBase.h">
      <Filter>Header Files</Filter>
    </ClInclude>
    <ClInclude Include="Objects\Class\CActionCameraManager.h">
      <Filter>Header Files</Filter>
    </ClInclude>
    <ClInclude Include="Objects\Class\CActionBase.h">
      <Filter>Header Files</Filter>
    </ClInclude>
    <ClInclude Include="Exports\CActionCameraManagerExports.h">
      <Filter>Header Files</Filter>
    </ClInclude>
    <ClInclude Include="Exports\CCameraBaseExports.h">
      <Filter>Header Files</Filter>
    </ClInclude>
    <ClInclude Include="Objects\Class\CLiveBtlPlayer.h">
      <Filter>Header Files</Filter>
    </ClInclude>
    <ClInclude Include="Exports\CLiveBtlPlayerExports.h">
      <Filter>Header Files</Filter>
    </ClInclude>
    <ClInclude Include="Objects\Class\CActionPrincessLeagueManager.h">
      <Filter>Header Files</Filter>
    </ClInclude>
    <ClInclude Include="Objects\Class\CDancer.h">
      <Filter>Header Files</Filter>
    </ClInclude>
    <ClInclude Include="Exports\CActionPrincessLeagueManagerExports.h">
      <Filter>Header Files</Filter>
    </ClInclude>
    <ClInclude Include="MemoryMgr.h">
      <Filter>Header Files</Filter>
    </ClInclude>
    <ClInclude Include="Objects\Class\CActInputDeviceManager.h">
      <Filter>Header Files</Filter>
    </ClInclude>
    <ClInclude Include="Exports\CActInputDeviceManagerExports.h">
      <Filter>Header Files</Filter>
    </ClInclude>
    <ClInclude Include="Exports\CInputDeviceListenerExports.h">
      <Filter>Header Files</Filter>
    </ClInclude>
    <ClInclude Include="Objects\Class\CInputDeviceListener.h">
      <Filter>Header Files</Filter>
    </ClInclude>
    <ClInclude Include="Objects\Class\CActionDanceBattleManager.h">
      <Filter>Header Files</Filter>
    </ClInclude>
    <ClInclude Include="Exports\CActionDanceBattleManagerExports.h">
      <Filter>Header Files</Filter>
    </ClInclude>
    <ClInclude Include="Objects\Class\CActionLiveBattleManager.h">
      <Filter>Header Files</Filter>
    </ClInclude>
    <ClInclude Include="Exports\CActionLiveBattleManagerExports.h">
      <Filter>Header Files</Filter>
    </ClInclude>
    <ClInclude Include="Objects\Class\CActionHActManager.h">
      <Filter>Header Files</Filter>
    </ClInclude>
    <ClInclude Include="Objects\Class\CHAct.h">
      <Filter>Header Files</Filter>
    </ClInclude>
    <ClInclude Include="Exports\CActionHActManagerExports.h">
      <Filter>Header Files</Filter>
    </ClInclude>
    <ClInclude Include="Exports\CHActExports.h">
      <Filter>Header Files</Filter>
    </ClInclude>
    <ClInclude Include="Objects\Class\CActionReactorManager.h">
      <Filter>Header Files</Filter>
    </ClInclude>
    <ClInclude Include="Exports\CActionReactorManagerExports.h">
      <Filter>Header Files</Filter>
    </ClInclude>
    <ClInclude Include="Objects\Class\FighterMode.h">
      <Filter>Header Files</Filter>
    </ClInclude>
    <ClInclude Include="Exports\FighterModeExports.h">
      <Filter>Header Files</Filter>
    </ClInclude>
    <ClInclude Include="Objects\Class\CActionMotionManager.h">
      <Filter>Header Files</Filter>
    </ClInclude>
    <ClInclude Include="Exports\CActionMotionManagerExports.h">
      <Filter>Header Files</Filter>
    </ClInclude>
    <ClInclude Include="Objects\Class\CFileBase.h">
      <Filter>Header Files</Filter>
    </ClInclude>
    <ClInclude Include="Objects\Class\CActionDanceEventManager.h">
      <Filter>Header Files</Filter>
    </ClInclude>
    <ClInclude Include="Objects\Class\CActionStageManager.h">
      <Filter>Header Files</Filter>
    </ClInclude>
    <ClInclude Include="Exports\CActionStageManagerExports.h">
      <Filter>Header Files</Filter>
    </ClInclude>
    <ClInclude Include="Objects\Class\CActionCCCManager.h">
      <Filter>Header Files</Filter>
    </ClInclude>
    <ClInclude Include="Exports\CActionCCCManagerExports.h">
      <Filter>Header Files</Filter>
    </ClInclude>
    <ClInclude Include="Objects\Class\HumanModel.h">
      <Filter>Header Files</Filter>
    </ClInclude>
    <ClInclude Include="Exports\HumanModelExports.h">
      <Filter>Header Files</Filter>
    </ClInclude>
  </ItemGroup>
  <ItemGroup>
    <ClCompile Include="dllmain.cpp">
      <Filter>Source Files</Filter>
    </ClCompile>
    <ClCompile Include="pch.cpp">
      <Filter>Source Files</Filter>
    </ClCompile>
    <ClCompile Include="OE.cpp">
      <Filter>Source Files</Filter>
    </ClCompile>
    <ClCompile Include="CActionFighterManager.cpp">
      <Filter>Source Files</Filter>
    </ClCompile>
    <ClCompile Include="CActionManager.cpp">
      <Filter>Source Files</Filter>
    </ClCompile>
    <ClCompile Include="CActionEntityManager.cpp">
      <Filter>Source Files</Filter>
    </ClCompile>
    <ClCompile Include="Objects\Class\HumanMotion.cpp">
      <Filter>Source Files</Filter>
    </ClCompile>
    <ClCompile Include="Objects\Class\CLiveBtlPlayer.cpp">
      <Filter>Source Files</Filter>
    </ClCompile>
    <ClCompile Include="Objects\Class\CActInputDeviceManager.cpp">
      <Filter>Source Files</Filter>
    </ClCompile>
    <ClCompile Include="Objects\Class\CActionHActManager.cpp">
      <Filter>Source Files</Filter>
    </ClCompile>
    <ClCompile Include="Objects\Class\CActionReactorManager.cpp">
      <Filter>Source Files</Filter>
    </ClCompile>
    <ClCompile Include="Objects\Class\FighterMode.cpp">
      <Filter>Source Files</Filter>
    </ClCompile>
    <ClCompile Include="Objects\Class\CActionMotionManager.cpp">
      <Filter>Source Files</Filter>
    </ClCompile>
  </ItemGroup>
</Project>